
Microsoft Visual Studio Solution File, Format Version 12.00
# Visual Studio Version 17
VisualStudioVersion = 17.7.34221.43
MinimumVisualStudioVersion = 10.0.40219.1
Project("{FAE04EC0-301F-11D3-BF4B-00C04F79EFBC}") = "Day1", "Day1\Day1.csproj", "{C7E314CD-CDC6-44B5-8E6D-A38D38686BC3}"
EndProject
Global
	GlobalSection(SolutionConfigurationPlatforms) = preSolution
		Debug|Any CPU = Debug|Any CPU
		Release|Any CPU = Release|Any CPU
	EndGlobalSection
	GlobalSection(ProjectConfigurationPlatforms) = postSolution
		{C7E314CD-CDC6-44B5-8E6D-A38D38686BC3}.Debug|Any CPU.ActiveCfg = Debug|Any CPU
		{C7E314CD-CDC6-44B5-8E6D-A38D38686BC3}.Debug|Any CPU.Build.0 = Debug|Any CPU
		{C7E314CD-CDC6-44B5-8E6D-A38D38686BC3}.Release|Any CPU.ActiveCfg = Release|Any CPU
		{C7E314CD-CDC6-44B5-8E6D-A38D38686BC3}.Release|Any CPU.Build.0 = Release|Any CPU
	EndGlobalSection
	GlobalSection(SolutionProperties) = preSolution
		HideSolutionNode = FALSE
	EndGlobalSection
	GlobalSection(ExtensibilityGlobals) = postSolution
		SolutionGuid = {F186438C-0B34-4559-A52F-70E00B9C47F0}
	EndGlobalSection
EndGlobal
