
Microsoft Visual Studio Solution File, Format Version 12.00
# Visual Studio Version 17
VisualStudioVersion = 17.7.34221.43
MinimumVisualStudioVersion = 10.0.40219.1
Project("{9A19103F-16F7-4668-BE54-9A1E7A4F7556}") = "TS2210004", "TEST\TS2210004.csproj", "{E788478B-FE13-44EA-98D1-21AF4FBA9C1E}"
EndProject
Project("{9A19103F-16F7-4668-BE54-9A1E7A4F7556}") = "Client", "Client\Client.csproj", "{F89E3133-1682-48D3-B150-5F004320CCFE}"
EndProject
Global
	GlobalSection(SolutionConfigurationPlatforms) = preSolution
		Debug|Any CPU = Debug|Any CPU
		Release|Any CPU = Release|Any CPU
	EndGlobalSection
	GlobalSection(ProjectConfigurationPlatforms) = postSolution
		{E788478B-FE13-44EA-98D1-21AF4FBA9C1E}.Debug|Any CPU.ActiveCfg = Debug|Any CPU
		{E788478B-FE13-44EA-98D1-21AF4FBA9C1E}.Debug|Any CPU.Build.0 = Debug|Any CPU
		{E788478B-FE13-44EA-98D1-21AF4FBA9C1E}.Release|Any CPU.ActiveCfg = Release|Any CPU
		{E788478B-FE13-44EA-98D1-21AF4FBA9C1E}.Release|Any CPU.Build.0 = Release|Any CPU
		{F89E3133-1682-48D3-B150-5F004320CCFE}.Debug|Any CPU.ActiveCfg = Debug|Any CPU
		{F89E3133-1682-48D3-B150-5F004320CCFE}.Debug|Any CPU.Build.0 = Debug|Any CPU
		{F89E3133-1682-48D3-B150-5F004320CCFE}.Release|Any CPU.ActiveCfg = Release|Any CPU
		{F89E3133-1682-48D3-B150-5F004320CCFE}.Release|Any CPU.Build.0 = Release|Any CPU
	EndGlobalSection
	GlobalSection(SolutionProperties) = preSolution
		HideSolutionNode = FALSE
	EndGlobalSection
	GlobalSection(ExtensibilityGlobals) = postSolution
		SolutionGuid = {1C174F84-B307-41AA-9260-49546306FC2B}
	EndGlobalSection
EndGlobal
