
Microsoft Visual Studio Solution File, Format Version 12.00
# Visual Studio Version 17
VisualStudioVersion = 17.7.34221.43
MinimumVisualStudioVersion = 10.0.40219.1
Project("{FAE04EC0-301F-11D3-BF4B-00C04F79EFBC}") = "ReactDay2", "ReactDay2\ReactDay2.csproj", "{F30B68F9-33A6-4C00-A664-573916588AE6}"
EndProject
Global
	GlobalSection(SolutionConfigurationPlatforms) = preSolution
		Debug|Any CPU = Debug|Any CPU
		Release|Any CPU = Release|Any CPU
	EndGlobalSection
	GlobalSection(ProjectConfigurationPlatforms) = postSolution
		{F30B68F9-33A6-4C00-A664-573916588AE6}.Debug|Any CPU.ActiveCfg = Debug|Any CPU
		{F30B68F9-33A6-4C00-A664-573916588AE6}.Debug|Any CPU.Build.0 = Debug|Any CPU
		{F30B68F9-33A6-4C00-A664-573916588AE6}.Release|Any CPU.ActiveCfg = Release|Any CPU
		{F30B68F9-33A6-4C00-A664-573916588AE6}.Release|Any CPU.Build.0 = Release|Any CPU
	EndGlobalSection
	GlobalSection(SolutionProperties) = preSolution
		HideSolutionNode = FALSE
	EndGlobalSection
	GlobalSection(ExtensibilityGlobals) = postSolution
		SolutionGuid = {2203C26A-E900-47F0-A35C-69ED636EC6FD}
	EndGlobalSection
EndGlobal
