
Microsoft Visual Studio Solution File, Format Version 12.00
# Visual Studio Version 17
VisualStudioVersion = 17.7.34221.43
MinimumVisualStudioVersion = 10.0.40219.1
Project("{FAE04EC0-301F-11D3-BF4B-00C04F79EFBC}") = "day8_demoQR", "day8_demoQR\day8_demoQR.csproj", "{171C9441-E0CA-4D02-90EF-64A5C3D09843}"
EndProject
Global
	GlobalSection(SolutionConfigurationPlatforms) = preSolution
		Debug|Any CPU = Debug|Any CPU
		Release|Any CPU = Release|Any CPU
	EndGlobalSection
	GlobalSection(ProjectConfigurationPlatforms) = postSolution
		{171C9441-E0CA-4D02-90EF-64A5C3D09843}.Debug|Any CPU.ActiveCfg = Debug|Any CPU
		{171C9441-E0CA-4D02-90EF-64A5C3D09843}.Debug|Any CPU.Build.0 = Debug|Any CPU
		{171C9441-E0CA-4D02-90EF-64A5C3D09843}.Release|Any CPU.ActiveCfg = Release|Any CPU
		{171C9441-E0CA-4D02-90EF-64A5C3D09843}.Release|Any CPU.Build.0 = Release|Any CPU
	EndGlobalSection
	GlobalSection(SolutionProperties) = preSolution
		HideSolutionNode = FALSE
	EndGlobalSection
	GlobalSection(ExtensibilityGlobals) = postSolution
		SolutionGuid = {00DA1A3A-EA9C-4AEF-9DBD-C08E5831614D}
	EndGlobalSection
EndGlobal
