
Microsoft Visual Studio Solution File, Format Version 12.00
# Visual Studio Version 17
VisualStudioVersion = 17.7.34221.43
MinimumVisualStudioVersion = 10.0.40219.1
Project("{FAE04EC0-301F-11D3-BF4B-00C04F79EFBC}") = "demo_crud3tables", "demo_crud3tables\demo_crud3tables.csproj", "{BB5252CC-1D7F-4E38-A327-E7DE342E5959}"
EndProject
Global
	GlobalSection(SolutionConfigurationPlatforms) = preSolution
		Debug|Any CPU = Debug|Any CPU
		Release|Any CPU = Release|Any CPU
	EndGlobalSection
	GlobalSection(ProjectConfigurationPlatforms) = postSolution
		{BB5252CC-1D7F-4E38-A327-E7DE342E5959}.Debug|Any CPU.ActiveCfg = Debug|Any CPU
		{BB5252CC-1D7F-4E38-A327-E7DE342E5959}.Debug|Any CPU.Build.0 = Debug|Any CPU
		{BB5252CC-1D7F-4E38-A327-E7DE342E5959}.Release|Any CPU.ActiveCfg = Release|Any CPU
		{BB5252CC-1D7F-4E38-A327-E7DE342E5959}.Release|Any CPU.Build.0 = Release|Any CPU
	EndGlobalSection
	GlobalSection(SolutionProperties) = preSolution
		HideSolutionNode = FALSE
	EndGlobalSection
	GlobalSection(ExtensibilityGlobals) = postSolution
		SolutionGuid = {EEEBB724-C23F-4BAB-87FE-BCE4183FF020}
	EndGlobalSection
EndGlobal
